
Microsoft Visual Studio Solution File, Format Version 12.00
# Visual Studio 2012
Project("{FAE04EC0-301F-11D3-BF4B-00C04F79EFBC}") = "pr_image_generator", "pr_image_generator\pr_image_generator.csproj", "{D9843AD3-42AD-4356-B7DF-68E75679BFEB}"
EndProject
Global
	GlobalSection(SolutionConfigurationPlatforms) = preSolution
		Debug|Any CPU = Debug|Any CPU
		Release|Any CPU = Release|Any CPU
	EndGlobalSection
	GlobalSection(ProjectConfigurationPlatforms) = postSolution
		{D9843AD3-42AD-4356-B7DF-68E75679BFEB}.Debug|Any CPU.ActiveCfg = Debug|Any CPU
		{D9843AD3-42AD-4356-B7DF-68E75679BFEB}.Debug|Any CPU.Build.0 = Debug|Any CPU
		{D9843AD3-42AD-4356-B7DF-68E75679BFEB}.Release|Any CPU.ActiveCfg = Release|Any CPU
		{D9843AD3-42AD-4356-B7DF-68E75679BFEB}.Release|Any CPU.Build.0 = Release|Any CPU
	EndGlobalSection
	GlobalSection(SolutionProperties) = preSolution
		HideSolutionNode = FALSE
	EndGlobalSection
EndGlobal
